PODS:
  - jre_emul (0.8.6.1):
    - jre_emul/jre
  - jre_emul/jre (0.8.6.1)
  - simple (0.8.6.1):
    - jre_emul (= 0.8.6.1)

DEPENDENCIES:
  - simple (from `..`)

EXTERNAL SOURCES:
  simple:
    :path: ..

SPEC CHECKSUMS:
  jre_emul: 164fdb77aa391efa12c89032862c07cde22dbf4d
  simple: 40deb7b652335530dc5fca1679be4ace4c13b070

COCOAPODS: 0.25.0
