// !$*UTF8*$!
{
	archiveVersion = 1;
	classes = {
	};
	objectVersion = 46;
	objects = {

/* Begin PBXBuildFile section */
		7A7021DEFC4E4F5795C52B24 /* libPods-demo.a in Frameworks */ = {isa = PBXBuildFile; fileRef = BE407401897C49B897370FE0 /* libPods-demo.a */; };
		82EBB66C82624A46BC1B0BAD /* libPods.a in Frameworks */ = {isa = PBXBuildFile; fileRef = 021FB04F8A214511A3AC6345 /* libPods.a */; };
		8D358A2217F7DDA50037B85B /* SimpleDemo.m in Sources */ = {isa = PBXBuildFile; fileRef = 8D358A1917F7DDA50037B85B /* SimpleDemo.m */; };
		8D358A2317F7DDA50037B85B /* GDNoPackage.m in Sources */ = {isa = PBXBuildFile; fileRef = 8D358A1B17F7DDA50037B85B /* GDNoPackage.m */; };
		8D358A2417F7DDA50037B85B /* SimpleDemoTest.m in Sources */ = {isa = PBXBuildFile; fileRef = 8D358A2117F7DDA50037B85B /* SimpleDemoTest.m */; };
		8DC9D38817F327D200FAEE0A /* Foundation.framework in Frameworks */ = {isa = PBXBuildFile; fileRef = 8DC9D38717F327D200FAEE0A /* Foundation.framework */; };
		8DEC35EA17F3E317002E3C86 /* simple.m in Sources */ = {isa = PBXBuildFile; fileRef = 8DEC35E917F3E317002E3C86 /* simple.m */; };
/* End PBXBuildFile section */

/* Begin PBXCopyFilesBuildPhase section */
		8DC9D38217F327D200FAEE0A /* CopyFiles */ = {
			isa = PBXCopyFilesBuildPhase;
			buildActionMask = 2147483647;
			dstPath = "include/${PRODUCT_NAME}";
			dstSubfolderSpec = 16;
			files = (
			);
			runOnlyForDeploymentPostprocessing = 0;
		};
/* End PBXCopyFilesBuildPhase section */

/* Begin PBXFileReference section */
		01B0A43650FB4B6991B1829F /* Pods-demo.xcconfig */ = {isa = PBXFileReference; includeInIndex = 1; lastKnownFileType = text.xcconfig; name = "Pods-demo.xcconfig"; path = "Pods/Pods-demo.xcconfig"; sourceTree = "<group>"; };
		021FB04F8A214511A3AC6345 /* libPods.a */ = {isa = PBXFileReference; explicitFileType = archive.ar; includeInIndex = 0; path = libPods.a; sourceTree = BUILT_PRODUCTS_DIR; };
		196C531C63794536892B2915 /* Pods.xcconfig */ = {isa = PBXFileReference; includeInIndex = 1; lastKnownFileType = text.xcconfig; name = Pods.xcconfig; path = Pods/Pods.xcconfig; sourceTree = "<group>"; };
		8D358A1817F7DDA50037B85B /* SimpleDemo.h */ = {isa = PBXFileReference; fileEncoding = 4; lastKnownFileType = sourcecode.c.h; path = SimpleDemo.h; sourceTree = "<group>"; };
		8D358A1917F7DDA50037B85B /* SimpleDemo.m */ = {isa = PBXFileReference; fileEncoding = 4; lastKnownFileType = sourcecode.c.objc; path = SimpleDemo.m; sourceTree = "<group>"; };
		8D358A1A17F7DDA50037B85B /* GDNoPackage.h */ = {isa = PBXFileReference; fileEncoding = 4; lastKnownFileType = sourcecode.c.h; path = GDNoPackage.h; sourceTree = "<group>"; };
		8D358A1B17F7DDA50037B85B /* GDNoPackage.m */ = {isa = PBXFileReference; fileEncoding = 4; lastKnownFileType = sourcecode.c.objc; path = GDNoPackage.m; sourceTree = "<group>"; };
		8D358A2017F7DDA50037B85B /* SimpleDemoTest.h */ = {isa = PBXFileReference; fileEncoding = 4; lastKnownFileType = sourcecode.c.h; path = SimpleDemoTest.h; sourceTree = "<group>"; };
		8D358A2117F7DDA50037B85B /* SimpleDemoTest.m */ = {isa = PBXFileReference; fileEncoding = 4; lastKnownFileType = sourcecode.c.objc; path = SimpleDemoTest.m; sourceTree = "<group>"; };
		8DC9D38417F327D200FAEE0A /* libdemo.a */ = {isa = PBXFileReference; explicitFileType = archive.ar; includeInIndex = 0; path = libdemo.a; sourceTree = BUILT_PRODUCTS_DIR; };
		8DC9D38717F327D200FAEE0A /* Foundation.framework */ = {isa = PBXFileReference; lastKnownFileType = wrapper.framework; name = Foundation.framework; path = System/Library/Frameworks/Foundation.framework; sourceTree = SDKROOT; };
		8DEC35E717F3E317002E3C86 /* simple-Prefix.pch */ = {isa = PBXFileReference; fileEncoding = 4; lastKnownFileType = sourcecode.c.h; path = "simple-Prefix.pch"; sourceTree = "<group>"; };
		8DEC35E817F3E317002E3C86 /* simple.h */ = {isa = PBXFileReference; fileEncoding = 4; lastKnownFileType = sourcecode.c.h; path = simple.h; sourceTree = "<group>"; };
		8DEC35E917F3E317002E3C86 /* simple.m */ = {isa = PBXFileReference; fileEncoding = 4; lastKnownFileType = sourcecode.c.objc; path = simple.m; sourceTree = "<group>"; };
		BE407401897C49B897370FE0 /* libPods-demo.a */ = {isa = PBXFileReference; explicitFileType = archive.ar; includeInIndex = 0; path = "libPods-demo.a"; sourceTree = BUILT_PRODUCTS_DIR; };
/* End PBXFileReference section */

/* Begin PBXFrameworksBuildPhase section */
		8DC9D38117F327D200FAEE0A /* Frameworks */ = {
			isa = PBXFrameworksBuildPhase;
			buildActionMask = 2147483647;
			files = (
				8DC9D38817F327D200FAEE0A /* Foundation.framework in Frameworks */,
				82EBB66C82624A46BC1B0BAD /* libPods.a in Frameworks */,
				7A7021DEFC4E4F5795C52B24 /* libPods-demo.a in Frameworks */,
			);
			runOnlyForDeploymentPostprocessing = 0;
		};
/* End PBXFrameworksBuildPhase section */

/* Begin PBXGroup section */
		8D358A1317F7DDA50037B85B /* Classes */ = {
			isa = PBXGroup;
			children = (
				8D358A1417F7DDA50037B85B /* generated */,
				8D358A1C17F7DDA50037B85B /* test_generated */,
			);
			name = Classes;
			path = ../Classes;
			sourceTree = "<group>";
		};
		8D358A1417F7DDA50037B85B /* generated */ = {
			isa = PBXGroup;
			children = (
				8D358A1517F7DDA50037B85B /* com */,
				8D358A1A17F7DDA50037B85B /* GDNoPackage.h */,
				8D358A1B17F7DDA50037B85B /* GDNoPackage.m */,
			);
			path = generated;
			sourceTree = "<group>";
		};
		8D358A1517F7DDA50037B85B /* com */ = {
			isa = PBXGroup;
			children = (
				8D358A1617F7DDA50037B85B /* goodow */,
			);
			path = com;
			sourceTree = "<group>";
		};
		8D358A1617F7DDA50037B85B /* goodow */ = {
			isa = PBXGroup;
			children = (
				8D358A1717F7DDA50037B85B /* j2objc */,
			);
			path = goodow;
			sourceTree = "<group>";
		};
		8D358A1717F7DDA50037B85B /* j2objc */ = {
			isa = PBXGroup;
			children = (
				8D358A1817F7DDA50037B85B /* SimpleDemo.h */,
				8D358A1917F7DDA50037B85B /* SimpleDemo.m */,
			);
			path = j2objc;
			sourceTree = "<group>";
		};
		8D358A1C17F7DDA50037B85B /* test_generated */ = {
			isa = PBXGroup;
			children = (
				8D358A1D17F7DDA50037B85B /* com */,
			);
			path = test_generated;
			sourceTree = "<group>";
		};
		8D358A1D17F7DDA50037B85B /* com */ = {
			isa = PBXGroup;
			children = (
				8D358A1E17F7DDA50037B85B /* goodow */,
			);
			path = com;
			sourceTree = "<group>";
		};
		8D358A1E17F7DDA50037B85B /* goodow */ = {
			isa = PBXGroup;
			children = (
				8D358A1F17F7DDA50037B85B /* j2objc */,
			);
			path = goodow;
			sourceTree = "<group>";
		};
		8D358A1F17F7DDA50037B85B /* j2objc */ = {
			isa = PBXGroup;
			children = (
				8D358A2017F7DDA50037B85B /* SimpleDemoTest.h */,
				8D358A2117F7DDA50037B85B /* SimpleDemoTest.m */,
			);
			path = j2objc;
			sourceTree = "<group>";
		};
		8DC9D37B17F327D200FAEE0A = {
			isa = PBXGroup;
			children = (
				8D358A1317F7DDA50037B85B /* Classes */,
				8DEC35E617F3E317002E3C86 /* demo */,
				8DC9D38617F327D200FAEE0A /* Frameworks */,
				8DC9D38517F327D200FAEE0A /* Products */,
				196C531C63794536892B2915 /* Pods.xcconfig */,
				01B0A43650FB4B6991B1829F /* Pods-demo.xcconfig */,
			);
			sourceTree = "<group>";
		};
		8DC9D38517F327D200FAEE0A /* Products */ = {
			isa = PBXGroup;
			children = (
				8DC9D38417F327D200FAEE0A /* libdemo.a */,
			);
			name = Products;
			sourceTree = "<group>";
		};
		8DC9D38617F327D200FAEE0A /* Frameworks */ = {
			isa = PBXGroup;
			children = (
				8DC9D38717F327D200FAEE0A /* Foundation.framework */,
				021FB04F8A214511A3AC6345 /* libPods.a */,
				BE407401897C49B897370FE0 /* libPods-demo.a */,
			);
			name = Frameworks;
			sourceTree = "<group>";
		};
		8DEC35E617F3E317002E3C86 /* demo */ = {
			isa = PBXGroup;
			children = (
				8DEC35E717F3E317002E3C86 /* simple-Prefix.pch */,
				8DEC35E817F3E317002E3C86 /* simple.h */,
				8DEC35E917F3E317002E3C86 /* simple.m */,
			);
			path = demo;
			sourceTree = "<group>";
		};
/* End PBXGroup section */

/* Begin PBXNativeTarget section */
		8DC9D38317F327D200FAEE0A /* demo */ = {
			isa = PBXNativeTarget;
			buildConfigurationList = 8DC9D39217F327D200FAEE0A /* Build configuration list for PBXNativeTarget "demo" */;
			buildPhases = (
				67DCBA569B5942F68D8C8D1F /* Check Pods Manifest.lock */,
				8DC9D38017F327D200FAEE0A /* Sources */,
				8DC9D38117F327D200FAEE0A /* Frameworks */,
				8DC9D38217F327D200FAEE0A /* CopyFiles */,
				E84E86F50E404251A82BB049 /* Copy Pods Resources */,
			);
			buildRules = (
			);
			dependencies = (
			);
			name = demo;
			productName = simple;
			productReference = 8DC9D38417F327D200FAEE0A /* libdemo.a */;
			productType = "com.apple.product-type.library.static";
		};
/* End PBXNativeTarget section */

/* Begin PBXProject section */
		8DC9D37C17F327D200FAEE0A /* Project object */ = {
			isa = PBXProject;
			attributes = {
				LastUpgradeCheck = 0460;
				ORGANIZATIONNAME = "Larry Tin";
			};
			buildConfigurationList = 8DC9D37F17F327D200FAEE0A /* Build configuration list for PBXProject "simple" */;
			compatibilityVersion = "Xcode 3.2";
			developmentRegion = English;
			hasScannedForEncodings = 0;
			knownRegions = (
				en,
			);
			mainGroup = 8DC9D37B17F327D200FAEE0A;
			productRefGroup = 8DC9D38517F327D200FAEE0A /* Products */;
			projectDirPath = "";
			projectRoot = "";
			targets = (
				8DC9D38317F327D200FAEE0A /* demo */,
			);
		};
/* End PBXProject section */

/* Begin PBXShellScriptBuildPhase section */
		67DCBA569B5942F68D8C8D1F /* Check Pods Manifest.lock */ = {
			isa = PBXShellScriptBuildPhase;
			buildActionMask = 2147483647;
			files = (
			);
			inputPaths = (
			);
			name = "Check Pods Manifest.lock";
			outputPaths = (
			);
			runOnlyForDeploymentPostprocessing = 0;
			shellPath = /bin/sh;
			shellScript = "diff \"${PODS_ROOT}/../Podfile.lock\" \"${PODS_ROOT}/Manifest.lock\" > /dev/null\nif [[ $? != 0 ]] ; then\n    cat << EOM\nerror: The sandbox is not in sync with the Podfile.lock. Run 'pod install' or update your CocoaPods installation.\nEOM\n    exit 1\nfi\n";
			showEnvVarsInLog = 0;
		};
		E84E86F50E404251A82BB049 /* Copy Pods Resources */ = {
			isa = PBXShellScriptBuildPhase;
			buildActionMask = 2147483647;
			files = (
			);
			inputPaths = (
			);
			name = "Copy Pods Resources";
			outputPaths = (
			);
			runOnlyForDeploymentPostprocessing = 0;
			shellPath = /bin/sh;
			shellScript = "\"${SRCROOT}/Pods/Pods-demo-resources.sh\"\n";
			showEnvVarsInLog = 0;
		};
/* End PBXShellScriptBuildPhase section */

/* Begin PBXSourcesBuildPhase section */
		8DC9D38017F327D200FAEE0A /* Sources */ = {
			isa = PBXSourcesBuildPhase;
			buildActionMask = 2147483647;
			files = (
				8D358A2317F7DDA50037B85B /* GDNoPackage.m in Sources */,
				8D358A2217F7DDA50037B85B /* SimpleDemo.m in Sources */,
				8D358A2417F7DDA50037B85B /* SimpleDemoTest.m in Sources */,
				8DEC35EA17F3E317002E3C86 /* simple.m in Sources */,
			);
			runOnlyForDeploymentPostprocessing = 0;
		};
/* End PBXSourcesBuildPhase section */

/* Begin XCBuildConfiguration section */
		8DC9D39017F327D200FAEE0A /* Debug */ = {
			isa = XCBuildConfiguration;
			buildSettings = {
				ALWAYS_SEARCH_USER_PATHS = NO;
				CLANG_CXX_LANGUAGE_STANDARD = "gnu++0x";
				CLANG_CXX_LIBRARY = "libc++";
				CLANG_ENABLE_OBJC_ARC = YES;
				CLANG_WARN_CONSTANT_CONVERSION = YES;
				CLANG_WARN_EMPTY_BODY = YES;
				CLANG_WARN_ENUM_CONVERSION = YES;
				CLANG_WARN_INT_CONVERSION = YES;
				CLANG_WARN__DUPLICATE_METHOD_MATCH = YES;
				COPY_PHASE_STRIP = NO;
				GCC_C_LANGUAGE_STANDARD = gnu99;
				GCC_DYNAMIC_NO_PIC = NO;
				GCC_OPTIMIZATION_LEVEL = 0;
				GCC_PREPROCESSOR_DEFINITIONS = (
					"DEBUG=1",
					"$(inherited)",
				);
				GCC_SYMBOLS_PRIVATE_EXTERN = NO;
				GCC_WARN_ABOUT_RETURN_TYPE = YES;
				GCC_WARN_UNINITIALIZED_AUTOS = YES;
				GCC_WARN_UNUSED_VARIABLE = YES;
				IPHONEOS_DEPLOYMENT_TARGET = 6.1;
				ONLY_ACTIVE_ARCH = YES;
				SDKROOT = iphoneos;
			};
			name = Debug;
		};
		8DC9D39117F327D200FAEE0A /* Release */ = {
			isa = XCBuildConfiguration;
			buildSettings = {
				ALWAYS_SEARCH_USER_PATHS = NO;
				CLANG_CXX_LANGUAGE_STANDARD = "gnu++0x";
				CLANG_CXX_LIBRARY = "libc++";
				CLANG_ENABLE_OBJC_ARC = YES;
				CLANG_WARN_CONSTANT_CONVERSION = YES;
				CLANG_WARN_EMPTY_BODY = YES;
				CLANG_WARN_ENUM_CONVERSION = YES;
				CLANG_WARN_INT_CONVERSION = YES;
				CLANG_WARN__DUPLICATE_METHOD_MATCH = YES;
				COPY_PHASE_STRIP = YES;
				GCC_C_LANGUAGE_STANDARD = gnu99;
				GCC_WARN_ABOUT_RETURN_TYPE = YES;
				GCC_WARN_UNINITIALIZED_AUTOS = YES;
				GCC_WARN_UNUSED_VARIABLE = YES;
				IPHONEOS_DEPLOYMENT_TARGET = 6.1;
				SDKROOT = iphoneos;
				VALIDATE_PRODUCT = YES;
			};
			name = Release;
		};
		8DC9D39317F327D200FAEE0A /* Debug */ = {
			isa = XCBuildConfiguration;
			baseConfigurationReference = 01B0A43650FB4B6991B1829F /* Pods-demo.xcconfig */;
			buildSettings = {
				DSTROOT = /tmp/simple.dst;
				GCC_PRECOMPILE_PREFIX_HEADER = YES;
				GCC_PREFIX_HEADER = "demo/simple-Prefix.pch";
				OTHER_LDFLAGS = "$(inherited)";
				PRODUCT_NAME = "$(TARGET_NAME)";
				SKIP_INSTALL = YES;
			};
			name = Debug;
		};
		8DC9D39417F327D200FAEE0A /* Release */ = {
			isa = XCBuildConfiguration;
			baseConfigurationReference = 01B0A43650FB4B6991B1829F /* Pods-demo.xcconfig */;
			buildSettings = {
				DSTROOT = /tmp/simple.dst;
				GCC_PRECOMPILE_PREFIX_HEADER = YES;
				GCC_PREFIX_HEADER = "demo/simple-Prefix.pch";
				OTHER_LDFLAGS = "$(inherited)";
				PRODUCT_NAME = "$(TARGET_NAME)";
				SKIP_INSTALL = YES;
			};
			name = Release;
		};
/* End XCBuildConfiguration section */

/* Begin XCConfigurationList section */
		8DC9D37F17F327D200FAEE0A /* Build configuration list for PBXProject "simple" */ = {
			isa = XCConfigurationList;
			buildConfigurations = (
				8DC9D39017F327D200FAEE0A /* Debug */,
				8DC9D39117F327D200FAEE0A /* Release */,
			);
			defaultConfigurationIsVisible = 0;
			defaultConfigurationName = Release;
		};
		8DC9D39217F327D200FAEE0A /* Build configuration list for PBXNativeTarget "demo" */ = {
			isa = XCConfigurationList;
			buildConfigurations = (
				8DC9D39317F327D200FAEE0A /* Debug */,
				8DC9D39417F327D200FAEE0A /* Release */,
			);
			defaultConfigurationIsVisible = 0;
			defaultConfigurationName = Release;
		};
/* End XCConfigurationList section */
	};
	rootObject = 8DC9D37C17F327D200FAEE0A /* Project object */;
}
